
Microsoft Visual Studio Solution File, Format Version 12.00
# Visual Studio Version 17
VisualStudioVersion = 17.0.31903.59
MinimumVisualStudioVersion = 10.0.40219.1
Project("{2150E333-8FDC-42A3-9474-1A3956D46DE8}") = "tests", "tests", "{5CC3B406-5640-4042-A045-C14A1DF23BB2}"
EndProject
Project("{9A19103F-16F7-4668-BE54-9A1E7A4F7556}") = "WeightPlateBarbellRackingCalculator.Tests", "tests\WeightPlateBarbellRackingCalculator.Tests\WeightPlateBarbellRackingCalculator.Tests.csproj", "{4DDBACE3-5864-4495-B2F6-E6F3828FB986}"
EndProject
Project("{2150E333-8FDC-42A3-9474-1A3956D46DE8}") = "src", "src", "{3B4D2A10-A5CF-43F4-9359-2FAD88B529A9}"
EndProject
Project("{FAE04EC0-301F-11D3-BF4B-00C04F79EFBC}") = "WeightPlateBarbellRackingCalculator.Web", "src\WeightPlateBarbellRackingCalculator.Web\WeightPlateBarbellRackingCalculator.Web.csproj", "{3A9BF050-03B5-4144-8457-3D5918ACD02D}"
EndProject
Project("{FAE04EC0-301F-11D3-BF4B-00C04F79EFBC}") = "WeightPlateBarbellRackingCalculator.Models", "src\WeightPlateBarbellRackingCalculator.Models\WeightPlateBarbellRackingCalculator.Models.csproj", "{60AB8CFB-0623-4459-970E-301EECB9A229}"
EndProject
Global
	GlobalSection(SolutionConfigurationPlatforms) = preSolution
		Debug|Any CPU = Debug|Any CPU
		Release|Any CPU = Release|Any CPU
	EndGlobalSection
	GlobalSection(ProjectConfigurationPlatforms) = postSolution
		{4DDBACE3-5864-4495-B2F6-E6F3828FB986}.Debug|Any CPU.ActiveCfg = Debug|Any CPU
		{4DDBACE3-5864-4495-B2F6-E6F3828FB986}.Debug|Any CPU.Build.0 = Debug|Any CPU
		{4DDBACE3-5864-4495-B2F6-E6F3828FB986}.Release|Any CPU.ActiveCfg = Release|Any CPU
		{4DDBACE3-5864-4495-B2F6-E6F3828FB986}.Release|Any CPU.Build.0 = Release|Any CPU
		{3A9BF050-03B5-4144-8457-3D5918ACD02D}.Debug|Any CPU.ActiveCfg = Debug|Any CPU
		{3A9BF050-03B5-4144-8457-3D5918ACD02D}.Debug|Any CPU.Build.0 = Debug|Any CPU
		{3A9BF050-03B5-4144-8457-3D5918ACD02D}.Release|Any CPU.ActiveCfg = Release|Any CPU
		{3A9BF050-03B5-4144-8457-3D5918ACD02D}.Release|Any CPU.Build.0 = Release|Any CPU
		{60AB8CFB-0623-4459-970E-301EECB9A229}.Debug|Any CPU.ActiveCfg = Debug|Any CPU
		{60AB8CFB-0623-4459-970E-301EECB9A229}.Debug|Any CPU.Build.0 = Debug|Any CPU
		{60AB8CFB-0623-4459-970E-301EECB9A229}.Release|Any CPU.ActiveCfg = Release|Any CPU
		{60AB8CFB-0623-4459-970E-301EECB9A229}.Release|Any CPU.Build.0 = Release|Any CPU
	EndGlobalSection
	GlobalSection(SolutionProperties) = preSolution
		HideSolutionNode = FALSE
	EndGlobalSection
	GlobalSection(NestedProjects) = preSolution
		{4DDBACE3-5864-4495-B2F6-E6F3828FB986} = {5CC3B406-5640-4042-A045-C14A1DF23BB2}
		{3A9BF050-03B5-4144-8457-3D5918ACD02D} = {3B4D2A10-A5CF-43F4-9359-2FAD88B529A9}
		{60AB8CFB-0623-4459-970E-301EECB9A229} = {3B4D2A10-A5CF-43F4-9359-2FAD88B529A9}
	EndGlobalSection
	GlobalSection(ExtensibilityGlobals) = postSolution
		SolutionGuid = {1456DF47-0916-45A7-909C-A12C99285F9F}
	EndGlobalSection
EndGlobal
